
Microsoft Visual Studio Solution File, Format Version 12.00
# Visual Studio Version 17
VisualStudioVersion = 17.5.002.0
MinimumVisualStudioVersion = 10.0.40219.1
Project("{9A19103F-16F7-4668-BE54-9A1E7A4F7556}") = "ClasseAbstrata", "ClasseAbstrata.csproj", "{B34F9387-FE7D-498B-B110-68BA72963586}"
EndProject
Global
	GlobalSection(SolutionConfigurationPlatforms) = preSolution
		Debug|Any CPU = Debug|Any CPU
		Release|Any CPU = Release|Any CPU
	EndGlobalSection
	GlobalSection(ProjectConfigurationPlatforms) = postSolution
		{B34F9387-FE7D-498B-B110-68BA72963586}.Debug|Any CPU.ActiveCfg = Debug|Any CPU
		{B34F9387-FE7D-498B-B110-68BA72963586}.Debug|Any CPU.Build.0 = Debug|Any CPU
		{B34F9387-FE7D-498B-B110-68BA72963586}.Release|Any CPU.ActiveCfg = Release|Any CPU
		{B34F9387-FE7D-498B-B110-68BA72963586}.Release|Any CPU.Build.0 = Release|Any CPU
	EndGlobalSection
	GlobalSection(SolutionProperties) = preSolution
		HideSolutionNode = FALSE
	EndGlobalSection
	GlobalSection(ExtensibilityGlobals) = postSolution
		SolutionGuid = {8582DEEB-BA40-4D25-80D7-E06F8F55E08A}
	EndGlobalSection
EndGlobal
